
Microsoft Visual Studio Solution File, Format Version 12.00
# Visual Studio 15
VisualStudioVersion = 15.0.28307.136
MinimumVisualStudioVersion = 10.0.40219.1
Project("{FAE04EC0-301F-11D3-BF4B-00C04F79EFBC}") = "BIMApplicationForProjects", "BIMApplicationForProjects\BIMApplicationForProjects.csproj", "{F257A061-C20A-419F-828A-EEED5FAFB504}"
EndProject
Global
	GlobalSection(SolutionConfigurationPlatforms) = preSolution
		Debug|Any CPU = Debug|Any CPU
		Release|Any CPU = Release|Any CPU
	EndGlobalSection
	GlobalSection(ProjectConfigurationPlatforms) = postSolution
		{F257A061-C20A-419F-828A-EEED5FAFB504}.Debug|Any CPU.ActiveCfg = Debug|Any CPU
		{F257A061-C20A-419F-828A-EEED5FAFB504}.Debug|Any CPU.Build.0 = Debug|Any CPU
		{F257A061-C20A-419F-828A-EEED5FAFB504}.Release|Any CPU.ActiveCfg = Release|Any CPU
		{F257A061-C20A-419F-828A-EEED5FAFB504}.Release|Any CPU.Build.0 = Release|Any CPU
	EndGlobalSection
	GlobalSection(SolutionProperties) = preSolution
		HideSolutionNode = FALSE
	EndGlobalSection
	GlobalSection(ExtensibilityGlobals) = postSolution
		SolutionGuid = {AA7BF8AC-1269-467C-92E5-2ADCC9242D43}
	EndGlobalSection
EndGlobal
